{
  "name": "bmtc_smart_bus_v2_ready",
  "version": "1.0.0",
  "lockfileVersion": 3,
  "requires": true,
  "packages": {
    "": {
      "name": "bmtc_smart_bus_v2_ready",
      "version": "1.0.0",
      "license": "ISC",
      "dependencies": {
        "@ionic/angular": "^8.7.7"
      }
    },
    "node_modules/@angular/common": {
      "version": "20.3.7",
      "resolved": "https://registry.npmjs.org/@angular/common/-/common-20.3.7.tgz",
      "integrity": "sha512-uf8dXYTJbedk/wudkt2MfbtvN/T97aEZBtOTq8/IFQQZ3722rag6D+Cg76e5hBccROOn+ueGJX2gpxz02phTwA==",
      "license": "MIT",
      "peer": true,
      "dependencies": {
        "tslib": "^2.3.0"
      },
      "engines": {
        "node": "^20.19.0 || ^22.12.0 || >=24.0.0"
      },
      "peerDependencies": {
        "@angular/core": "20.3.7",
        "rxjs": "^6.5.3 || ^7.4.0"
      }
    },
    "node_modules/@angular/core": {
      "version": "20.3.7",
      "resolved": "https://registry.npmjs.org/@angular/core/-/core-20.3.7.tgz",
      "integrity": "sha512-2UuYzC2A5SUtu33tYTN411Wk0WilA+2Uld/GP3O6mragw1O7v/M8pMFmbe9TR5Ah/abRJIocWGlNqeztZmQmrw==",
      "license": "MIT",
      "peer": true,
      "dependencies": {
        "tslib": "^2.3.0"
      },
      "engines": {
        "node": "^20.19.0 || ^22.12.0 || >=24.0.0"
      },
      "peerDependencies": {
        "@angular/compiler": "20.3.7",
        "rxjs": "^6.5.3 || ^7.4.0",
        "zone.js": "~0.15.0"
      },
      "peerDependenciesMeta": {
        "@angular/compiler": {
          "optional": true
        },
        "zone.js": {
          "optional": true
        }
      }
    },
    "node_modules/@angular/forms": {
      "version": "20.3.7",
      "resolved": "https://registry.npmjs.org/@angular/forms/-/forms-20.3.7.tgz",
      "integrity": "sha512-uOCGCoqXeAWIlQMWiIeed/W8g8h2tk91YemMI+Ce1VQ/36Xfft40Bouz4eKcvJV6kLXGygdpWjzFGz32CE+3Og==",
      "license": "MIT",
      "peer": true,
      "dependencies": {
        "tslib": "^2.3.0"
      },
      "engines": {
        "node": "^20.19.0 || ^22.12.0 || >=24.0.0"
      },
      "peerDependencies": {
        "@angular/common": "20.3.7",
        "@angular/core": "20.3.7",
        "@angular/platform-browser": "20.3.7",
        "rxjs": "^6.5.3 || ^7.4.0"
      }
    },
    "node_modules/@angular/platform-browser": {
      "version": "20.3.7",
      "resolved": "https://registry.npmjs.org/@angular/platform-browser/-/platform-browser-20.3.7.tgz",
      "integrity": "sha512-AbLtyR7fVEGDYyrz95dP2pc69J5XIjLLsFNAuNQPzNX02WPoAxtrWrNY6UnTzGoSrCc5F52hiL2Uo6yPZTiJcg==",
      "license": "MIT",
      "peer": true,
      "dependencies": {
        "tslib": "^2.3.0"
      },
      "engines": {
        "node": "^20.19.0 || ^22.12.0 || >=24.0.0"
      },
      "peerDependencies": {
        "@angular/animations": "20.3.7",
        "@angular/common": "20.3.7",
        "@angular/core": "20.3.7"
      },
      "peerDependenciesMeta": {
        "@angular/animations": {
          "optional": true
        }
      }
    },
    "node_modules/@angular/router": {
      "version": "20.3.7",
      "resolved": "https://registry.npmjs.org/@angular/router/-/router-20.3.7.tgz",
      "integrity": "sha512-Lq7mCNcLP1npmNh2JlNEe02YS2jNnaLnCy/t//o+Qq0c6DGV78JRl7pHubiB2R6XXlgvOcZWg88v94Li+y85Iw==",
      "license": "MIT",
      "peer": true,
      "dependencies": {
        "tslib": "^2.3.0"
      },
      "engines": {
        "node": "^20.19.0 || ^22.12.0 || >=24.0.0"
      },
      "peerDependencies": {
        "@angular/common": "20.3.7",
        "@angular/core": "20.3.7",
        "@angular/platform-browser": "20.3.7",
        "rxjs": "^6.5.3 || ^7.4.0"
      }
    },
    "node_modules/@ionic/angular": {
      "version": "8.7.7",
      "resolved": "https://registry.npmjs.org/@ionic/angular/-/angular-8.7.7.tgz",
      "integrity": "sha512-59BiojJKNbUI9K4lkK1olgEhuFqErjFjIrDXJJmic1LlGfYzkZJzObf0KtTxqwbWPlBzz9ybi4+N0EATFNBmZw==",
      "license": "MIT",
      "dependencies": {
        "@ionic/core": "8.7.7",
        "ionicons": "^8.0.13",
        "jsonc-parser": "^3.0.0",
        "tslib": "^2.3.0"
      },
      "peerDependencies": {
        "@angular/core": ">=16.0.0",
        "@angular/forms": ">=16.0.0",
        "@angular/router": ">=16.0.0",
        "rxjs": ">=7.5.0",
        "zone.js": ">=0.13.0"
      }
    },
    "node_modules/@ionic/core": {
      "version": "8.7.7",
      "resolved": "https://registry.npmjs.org/@ionic/core/-/core-8.7.7.tgz",
      "integrity": "sha512-XMvVkiRiB9I1Jc63RqderjHzxxiyr6KM2vBDzYBQS6rk7Fb4wC/ZyUuFgnrYKk71r1mgwYTPMy/2qrCShNXgXQ==",
      "license": "MIT",
      "dependencies": {
        "@stencil/core": "4.38.0",
        "ionicons": "^8.0.13",
        "tslib": "^2.1.0"
      }
    },
    "node_modules/@rollup/rollup-darwin-arm64": {
      "version": "4.34.9",
      "resolved": "https://registry.npmjs.org/@rollup/rollup-darwin-arm64/-/rollup-darwin-arm64-4.34.9.tgz",
      "integrity": "sha512-0CY3/K54slrzLDjOA7TOjN1NuLKERBgk9nY5V34mhmuu673YNb+7ghaDUs6N0ujXR7fz5XaS5Aa6d2TNxZd0OQ==",
      "cpu": [
        "arm64"
      ],
      "license": "MIT",
      "optional": true,
      "os": [
        "darwin"
      ]
    },
    "node_modules/@rollup/rollup-darwin-x64": {
      "version": "4.34.9",
      "resolved": "https://registry.npmjs.org/@rollup/rollup-darwin-x64/-/rollup-darwin-x64-4.34.9.tgz",
      "integrity": "sha512-eOojSEAi/acnsJVYRxnMkPFqcxSMFfrw7r2iD9Q32SGkb/Q9FpUY1UlAu1DH9T7j++gZ0lHjnm4OyH2vCI7l7Q==",
      "cpu": [
        "x64"
      ],
      "license": "MIT",
      "optional": true,
      "os": [
        "darwin"
      ]
    },
    "node_modules/@rollup/rollup-linux-arm64-gnu": {
      "version": "4.34.9",
      "resolved": "https://registry.npmjs.org/@rollup/rollup-linux-arm64-gnu/-/rollup-linux-arm64-gnu-4.34.9.tgz",
      "integrity": "sha512-6TZjPHjKZUQKmVKMUowF3ewHxctrRR09eYyvT5eFv8w/fXarEra83A2mHTVJLA5xU91aCNOUnM+DWFMSbQ0Nxw==",
      "cpu": [
        "arm64"
      ],
      "license": "MIT",
      "optional": true,
      "os": [
        "linux"
      ]
    },
    "node_modules/@rollup/rollup-linux-arm64-musl": {
      "version": "4.34.9",
      "resolved": "https://registry.npmjs.org/@rollup/rollup-linux-arm64-musl/-/rollup-linux-arm64-musl-4.34.9.tgz",
      "integrity": "sha512-LD2fytxZJZ6xzOKnMbIpgzFOuIKlxVOpiMAXawsAZ2mHBPEYOnLRK5TTEsID6z4eM23DuO88X0Tq1mErHMVq0A==",
      "cpu": [
        "arm64"
      ],
      "license": "MIT",
      "optional": true,
      "os": [
        "linux"
      ]
    },
    "node_modules/@rollup/rollup-linux-x64-gnu": {
      "version": "4.34.9",
      "resolved": "https://registry.npmjs.org/@rollup/rollup-linux-x64-gnu/-/rollup-linux-x64-gnu-4.34.9.tgz",
      "integrity": "sha512-FwBHNSOjUTQLP4MG7y6rR6qbGw4MFeQnIBrMe161QGaQoBQLqSUEKlHIiVgF3g/mb3lxlxzJOpIBhaP+C+KP2A==",
      "cpu": [
        "x64"
      ],
      "license": "MIT",
      "optional": true,
      "os": [
        "linux"
      ]
    },
    "node_modules/@rollup/rollup-linux-x64-musl": {
      "version": "4.34.9",
      "resolved": "https://registry.npmjs.org/@rollup/rollup-linux-x64-musl/-/rollup-linux-x64-musl-4.34.9.tgz",
      "integrity": "sha512-cYRpV4650z2I3/s6+5/LONkjIz8MBeqrk+vPXV10ORBnshpn8S32bPqQ2Utv39jCiDcO2eJTuSlPXpnvmaIgRA==",
      "cpu": [
        "x64"
      ],
      "license": "MIT",
      "optional": true,
      "os": [
        "linux"
      ]
    },
    "node_modules/@rollup/rollup-win32-arm64-msvc": {
      "version": "4.34.9",
      "resolved": "https://registry.npmjs.org/@rollup/rollup-win32-arm64-msvc/-/rollup-win32-arm64-msvc-4.34.9.tgz",
      "integrity": "sha512-z4mQK9dAN6byRA/vsSgQiPeuO63wdiDxZ9yg9iyX2QTzKuQM7T4xlBoeUP/J8uiFkqxkcWndWi+W7bXdPbt27Q==",
      "cpu": [
        "arm64"
      ],
      "license": "MIT",
      "optional": true,
      "os": [
        "win32"
      ]
    },
    "node_modules/@rollup/rollup-win32-x64-msvc": {
      "version": "4.34.9",
      "resolved": "https://registry.npmjs.org/@rollup/rollup-win32-x64-msvc/-/rollup-win32-x64-msvc-4.34.9.tgz",
      "integrity": "sha512-AyleYRPU7+rgkMWbEh71fQlrzRfeP6SyMnRf9XX4fCdDPAJumdSBqYEcWPMzVQ4ScAl7E4oFfK0GUVn77xSwbw==",
      "cpu": [
        "x64"
      ],
      "license": "MIT",
      "optional": true,
      "os": [
        "win32"
      ]
    },
    "node_modules/@stencil/core": {
      "version": "4.38.0",
      "resolved": "https://registry.npmjs.org/@stencil/core/-/core-4.38.0.tgz",
      "integrity": "sha512-oC3QFKO0X1yXVvETgc8OLY525MNKhn9vISBrbtKnGoPlokJ6rI8Vk1RK22TevnNrHLI4SExNLbcDnqilKR35JQ==",
      "license": "MIT",
      "bin": {
        "stencil": "bin/stencil"
      },
      "engines": {
        "node": ">=16.0.0",
        "npm": ">=7.10.0"
      },
      "optionalDependencies": {
        "@rollup/rollup-darwin-arm64": "4.34.9",
        "@rollup/rollup-darwin-x64": "4.34.9",
        "@rollup/rollup-linux-arm64-gnu": "4.34.9",
        "@rollup/rollup-linux-arm64-musl": "4.34.9",
        "@rollup/rollup-linux-x64-gnu": "4.34.9",
        "@rollup/rollup-linux-x64-musl": "4.34.9",
        "@rollup/rollup-win32-arm64-msvc": "4.34.9",
        "@rollup/rollup-win32-x64-msvc": "4.34.9"
      }
    },
    "node_modules/ionicons": {
      "version": "8.0.13",
      "resolved": "https://registry.npmjs.org/ionicons/-/ionicons-8.0.13.tgz",
      "integrity": "sha512-2QQVyG2P4wszne79jemMjWYLp0DBbDhr4/yFroPCxvPP1wtMxgdIV3l5n+XZ5E9mgoXU79w7yTWpm2XzJsISxQ==",
      "license": "MIT",
      "dependencies": {
        "@stencil/core": "^4.35.3"
      }
    },
    "node_modules/jsonc-parser": {
      "version": "3.3.1",
      "resolved": "https://registry.npmjs.org/jsonc-parser/-/jsonc-parser-3.3.1.tgz",
      "integrity": "sha512-HUgH65KyejrUFPvHFPbqOY0rsFip3Bo5wb4ngvdi1EpCYWUQDC5V+Y7mZws+DLkr4M//zQJoanu1SP+87Dv1oQ==",
      "license": "MIT"
    },
    "node_modules/rxjs": {
      "version": "7.8.2",
      "resolved": "https://registry.npmjs.org/rxjs/-/rxjs-7.8.2.tgz",
      "integrity": "sha512-dhKf903U/PQZY6boNNtAGdWbG85WAbjT/1xYoZIC7FAY0yWapOBQVsVrDl58W86//e1VpMNBtRV4MaXfdMySFA==",
      "license": "Apache-2.0",
      "peer": true,
      "dependencies": {
        "tslib": "^2.1.0"
      }
    },
    "node_modules/tslib": {
      "version": "2.8.1",
      "resolved": "https://registry.npmjs.org/tslib/-/tslib-2.8.1.tgz",
      "integrity": "sha512-oJFu94HQb+KVduSUQL7wnpmqnfmLsOA/nAh6b6EH0wCEoK0/mPeXU6c3wKDV83MkOuHPRHtSXKKU99IBazS/2w==",
      "license": "0BSD"
    },
    "node_modules/zone.js": {
      "version": "0.15.1",
      "resolved": "https://registry.npmjs.org/zone.js/-/zone.js-0.15.1.tgz",
      "integrity": "sha512-XE96n56IQpJM7NAoXswY3XRLcWFW83xe0BiAOeMD7K5k5xecOeul3Qcpx6GqEeeHNkW5DWL5zOyTbEfB4eti8w==",
      "license": "MIT",
      "peer": true
    }
  }
}
